// !$*UTF8*$!
{
	archiveVersion = 1;
	classes = {
	};
	objectVersion = 48;
	objects = {

/* Begin PBXBuildFile section */
		24FFF900207E510C00454FD2 /* AppDelegate.m in Sources */ = {isa = PBXBuildFile; fileRef = 24FFF8FF207E510C00454FD2 /* AppDelegate.m */; };
		24FFF903207E510C00454FD2 /* ViewController.m in Sources */ = {isa = PBXBuildFile; fileRef = 24FFF902207E510C00454FD2 /* ViewController.m */; };
		24FFF906207E510C00454FD2 /* Main.storyboard in Resources */ = {isa = PBXBuildFile; fileRef = 24FFF904207E510C00454FD2 /* Main.storyboard */; };
		24FFF908207E510C00454FD2 /* Assets.xcassets in Resources */ = {isa = PBXBuildFile; fileRef = 24FFF907207E510C00454FD2 /* Assets.xcassets */; };
		24FFF90B207E510C00454FD2 /* LaunchScreen.storyboard in Resources */ = {isa = PBXBuildFile; fileRef = 24FFF909207E510C00454FD2 /* LaunchScreen.storyboard */; };
		24FFF90E207E510C00454FD2 /* main.m in Sources */ = {isa = PBXBuildFile; fileRef = 24FFF90D207E510C00454FD2 /* main.m */; };
		24FFF923207E510D00454FD2 /* FizzBuzzUITests.m in Sources */ = {isa = PBXBuildFile; fileRef = 24FFF922207E510D00454FD2 /* FizzBuzzUITests.m */; };
		24FFF931207E525400454FD2 /* BrainTests.m in Sources */ = {isa = PBXBuildFile; fileRef = 24FFF930207E525400454FD2 /* BrainTests.m */; };
		24FFF934207E535000454FD2 /* JNDBrain.m in Sources */ = {isa = PBXBuildFile; fileRef = 24FFF933207E535000454FD2 /* JNDBrain.m */; };
/* End PBXBuildFile section */

/* Begin PBXContainerItemProxy section */
		24FFF914207E510D00454FD2 /* PBXContainerItemProxy */ = {
			isa = PBXContainerItemProxy;
			containerPortal = 24FFF8F3207E510C00454FD2 /* Project object */;
			proxyType = 1;
			remoteGlobalIDString = 24FFF8FA207E510C00454FD2;
			remoteInfo = FizzBuzz;
		};
		24FFF91F207E510D00454FD2 /* PBXContainerItemProxy */ = {
			isa = PBXContainerItemProxy;
			containerPortal = 24FFF8F3207E510C00454FD2 /* Project object */;
			proxyType = 1;
			remoteGlobalIDString = 24FFF8FA207E510C00454FD2;
			remoteInfo = FizzBuzz;
		};
/* End PBXContainerItemProxy section */

/* Begin PBXFileReference section */
		24FFF8FB207E510C00454FD2 /* FizzBuzz.app */ = {isa = PBXFileReference; explicitFileType = wrapper.application; includeInIndex = 0; path = FizzBuzz.app; sourceTree = BUILT_PRODUCTS_DIR; };
		24FFF8FE207E510C00454FD2 /* AppDelegate.h */ = {isa = PBXFileReference; lastKnownFileType = sourcecode.c.h; path = AppDelegate.h; sourceTree = "<group>"; };
		24FFF8FF207E510C00454FD2 /* AppDelegate.m */ = {isa = PBXFileReference; lastKnownFileType = sourcecode.c.objc; path = AppDelegate.m; sourceTree = "<group>"; };
		24FFF901207E510C00454FD2 /* ViewController.h */ = {isa = PBXFileReference; lastKnownFileType = sourcecode.c.h; path = ViewController.h; sourceTree = "<group>"; };
		24FFF902207E510C00454FD2 /* ViewController.m */ = {isa = PBXFileReference; lastKnownFileType = sourcecode.c.objc; path = ViewController.m; sourceTree = "<group>"; };
		24FFF905207E510C00454FD2 /* Base */ = {isa = PBXFileReference; lastKnownFileType = file.storyboard; name = Base; path = Base.lproj/Main.storyboard; sourceTree = "<group>"; };
		24FFF907207E510C00454FD2 /* Assets.xcassets */ = {isa = PBXFileReference; lastKnownFileType = folder.assetcatalog; path = Assets.xcassets; sourceTree = "<group>"; };
		24FFF90A207E510C00454FD2 /* Base */ = {isa = PBXFileReference; lastKnownFileType = file.storyboard; name = Base; path = Base.lproj/LaunchScreen.storyboard; sourceTree = "<group>"; };
		24FFF90C207E510C00454FD2 /* Info.plist */ = {isa = PBXFileReference; lastKnownFileType = text.plist.xml; path = Info.plist; sourceTree = "<group>"; };
		24FFF90D207E510C00454FD2 /* main.m */ = {isa = PBXFileReference; lastKnownFileType = sourcecode.c.objc; path = main.m; sourceTree = "<group>"; };
		24FFF913207E510D00454FD2 /* FizzBuzzTests.xctest */ = {isa = PBXFileReference; explicitFileType = wrapper.cfbundle; includeInIndex = 0; path = FizzBuzzTests.xctest; sourceTree = BUILT_PRODUCTS_DIR; };
		24FFF919207E510D00454FD2 /* Info.plist */ = {isa = PBXFileReference; lastKnownFileType = text.plist.xml; path = Info.plist; sourceTree = "<group>"; };
		24FFF91E207E510D00454FD2 /* FizzBuzzUITests.xctest */ = {isa = PBXFileReference; explicitFileType = wrapper.cfbundle; includeInIndex = 0; path = FizzBuzzUITests.xctest; sourceTree = BUILT_PRODUCTS_DIR; };
		24FFF922207E510D00454FD2 /* FizzBuzzUITests.m */ = {isa = PBXFileReference; lastKnownFileType = sourcecode.c.objc; path = FizzBuzzUITests.m; sourceTree = "<group>"; };
		24FFF924207E510D00454FD2 /* Info.plist */ = {isa = PBXFileReference; lastKnownFileType = text.plist.xml; path = Info.plist; sourceTree = "<group>"; };
		24FFF930207E525400454FD2 /* BrainTests.m */ = {isa = PBXFileReference; lastKnownFileType = sourcecode.c.objc; path = BrainTests.m; sourceTree = "<group>"; };
		24FFF932207E535000454FD2 /* JNDBrain.h */ = {isa = PBXFileReference; lastKnownFileType = sourcecode.c.h; path = JNDBrain.h; sourceTree = "<group>"; };
		24FFF933207E535000454FD2 /* JNDBrain.m */ = {isa = PBXFileReference; lastKnownFileType = sourcecode.c.objc; path = JNDBrain.m; sourceTree = "<group>"; };
/* End PBXFileReference section */

/* Begin PBXFrameworksBuildPhase section */
		24FFF8F8207E510C00454FD2 /* Frameworks */ = {
			isa = PBXFrameworksBuildPhase;
			buildActionMask = 2147483647;
			files = (
			);
			runOnlyForDeploymentPostprocessing = 0;
		};
		24FFF910207E510D00454FD2 /* Frameworks */ = {
			isa = PBXFrameworksBuildPhase;
			buildActionMask = 2147483647;
			files = (
			);
			runOnlyForDeploymentPostprocessing = 0;
		};
		24FFF91B207E510D00454FD2 /* Frameworks */ = {
			isa = PBXFrameworksBuildPhase;
			buildActionMask = 2147483647;
			files = (
			);
			runOnlyForDeploymentPostprocessing = 0;
		};
/* End PBXFrameworksBuildPhase section */

/* Begin PBXGroup section */
		24FFF8F2207E510C00454FD2 = {
			isa = PBXGroup;
			children = (
				24FFF8FD207E510C00454FD2 /* FizzBuzz */,
				24FFF916207E510D00454FD2 /* FizzBuzzTests */,
				24FFF921207E510D00454FD2 /* FizzBuzzUITests */,
				24FFF8FC207E510C00454FD2 /* Products */,
			);
			sourceTree = "<group>";
		};
		24FFF8FC207E510C00454FD2 /* Products */ = {
			isa = PBXGroup;
			children = (
				24FFF8FB207E510C00454FD2 /* FizzBuzz.app */,
				24FFF913207E510D00454FD2 /* FizzBuzzTests.xctest */,
				24FFF91E207E510D00454FD2 /* FizzBuzzUITests.xctest */,
			);
			name = Products;
			sourceTree = "<group>";
		};
		24FFF8FD207E510C00454FD2 /* FizzBuzz */ = {
			isa = PBXGroup;
			children = (
				24FFF8FE207E510C00454FD2 /* AppDelegate.h */,
				24FFF8FF207E510C00454FD2 /* AppDelegate.m */,
				24FFF901207E510C00454FD2 /* ViewController.h */,
				24FFF902207E510C00454FD2 /* ViewController.m */,
				24FFF904207E510C00454FD2 /* Main.storyboard */,
				24FFF907207E510C00454FD2 /* Assets.xcassets */,
				24FFF909207E510C00454FD2 /* LaunchScreen.storyboard */,
				24FFF90C207E510C00454FD2 /* Info.plist */,
				24FFF90D207E510C00454FD2 /* main.m */,
				24FFF932207E535000454FD2 /* JNDBrain.h */,
				24FFF933207E535000454FD2 /* JNDBrain.m */,
			);
			path = FizzBuzz;
			sourceTree = "<group>";
		};
		24FFF916207E510D00454FD2 /* FizzBuzzTests */ = {
			isa = PBXGroup;
			children = (
				24FFF919207E510D00454FD2 /* Info.plist */,
				24FFF930207E525400454FD2 /* BrainTests.m */,
			);
			path = FizzBuzzTests;
			sourceTree = "<group>";
		};
		24FFF921207E510D00454FD2 /* FizzBuzzUITests */ = {
			isa = PBXGroup;
			children = (
				24FFF922207E510D00454FD2 /* FizzBuzzUITests.m */,
				24FFF924207E510D00454FD2 /* Info.plist */,
			);
			path = FizzBuzzUITests;
			sourceTree = "<group>";
		};
/* End PBXGroup section */

/* Begin PBXNativeTarget section */
		24FFF8FA207E510C00454FD2 /* FizzBuzz */ = {
			isa = PBXNativeTarget;
			buildConfigurationList = 24FFF927207E510D00454FD2 /* Build configuration list for PBXNativeTarget "FizzBuzz" */;
			buildPhases = (
				24FFF8F7207E510C00454FD2 /* Sources */,
				24FFF8F8207E510C00454FD2 /* Frameworks */,
				24FFF8F9207E510C00454FD2 /* Resources */,
			);
			buildRules = (
			);
			dependencies = (
			);
			name = FizzBuzz;
			productName = FizzBuzz;
			productReference = 24FFF8FB207E510C00454FD2 /* FizzBuzz.app */;
			productType = "com.apple.product-type.application";
		};
		24FFF912207E510D00454FD2 /* FizzBuzzTests */ = {
			isa = PBXNativeTarget;
			buildConfigurationList = 24FFF92A207E510D00454FD2 /* Build configuration list for PBXNativeTarget "FizzBuzzTests" */;
			buildPhases = (
				24FFF90F207E510D00454FD2 /* Sources */,
				24FFF910207E510D00454FD2 /* Frameworks */,
				24FFF911207E510D00454FD2 /* Resources */,
			);
			buildRules = (
			);
			dependencies = (
				24FFF915207E510D00454FD2 /* PBXTargetDependency */,
			);
			name = FizzBuzzTests;
			productName = FizzBuzzTests;
			productReference = 24FFF913207E510D00454FD2 /* FizzBuzzTests.xctest */;
			productType = "com.apple.product-type.bundle.unit-test";
		};
		24FFF91D207E510D00454FD2 /* FizzBuzzUITests */ = {
			isa = PBXNativeTarget;
			buildConfigurationList = 24FFF92D207E510D00454FD2 /* Build configuration list for PBXNativeTarget "FizzBuzzUITests" */;
			buildPhases = (
				24FFF91A207E510D00454FD2 /* Sources */,
				24FFF91B207E510D00454FD2 /* Frameworks */,
				24FFF91C207E510D00454FD2 /* Resources */,
			);
			buildRules = (
			);
			dependencies = (
				24FFF920207E510D00454FD2 /* PBXTargetDependency */,
			);
			name = FizzBuzzUITests;
			productName = FizzBuzzUITests;
			productReference = 24FFF91E207E510D00454FD2 /* FizzBuzzUITests.xctest */;
			productType = "com.apple.product-type.bundle.ui-testing";
		};
/* End PBXNativeTarget section */

/* Begin PBXProject section */
		24FFF8F3207E510C00454FD2 /* Project object */ = {
			isa = PBXProject;
			attributes = {
				LastUpgradeCheck = 0920;
				ORGANIZATIONNAME = Driesengard;
				TargetAttributes = {
					24FFF8FA207E510C00454FD2 = {
						CreatedOnToolsVersion = 9.2;
						ProvisioningStyle = Automatic;
					};
					24FFF912207E510D00454FD2 = {
						CreatedOnToolsVersion = 9.2;
						ProvisioningStyle = Automatic;
						TestTargetID = 24FFF8FA207E510C00454FD2;
					};
					24FFF91D207E510D00454FD2 = {
						CreatedOnToolsVersion = 9.2;
						ProvisioningStyle = Automatic;
						TestTargetID = 24FFF8FA207E510C00454FD2;
					};
				};
			};
			buildConfigurationList = 24FFF8F6207E510C00454FD2 /* Build configuration list for PBXProject "FizzBuzz" */;
			compatibilityVersion = "Xcode 8.0";
			developmentRegion = en;
			hasScannedForEncodings = 0;
			knownRegions = (
				en,
				Base,
			);
			mainGroup = 24FFF8F2207E510C00454FD2;
			productRefGroup = 24FFF8FC207E510C00454FD2 /* Products */;
			projectDirPath = "";
			projectRoot = "";
			targets = (
				24FFF8FA207E510C00454FD2 /* FizzBuzz */,
				24FFF912207E510D00454FD2 /* FizzBuzzTests */,
				24FFF91D207E510D00454FD2 /* FizzBuzzUITests */,
			);
		};
/* End PBXProject section */

/* Begin PBXResourcesBuildPhase section */
		24FFF8F9207E510C00454FD2 /* Resources */ = {
			isa = PBXResourcesBuildPhase;
			buildActionMask = 2147483647;
			files = (
				24FFF90B207E510C00454FD2 /* LaunchScreen.storyboard in Resources */,
				24FFF908207E510C00454FD2 /* Assets.xcassets in Resources */,
				24FFF906207E510C00454FD2 /* Main.storyboard in Resources */,
			);
			runOnlyForDeploymentPostprocessing = 0;
		};
		24FFF911207E510D00454FD2 /* Resources */ = {
			isa = PBXResourcesBuildPhase;
			buildActionMask = 2147483647;
			files = (
			);
			runOnlyForDeploymentPostprocessing = 0;
		};
		24FFF91C207E510D00454FD2 /* Resources */ = {
			isa = PBXResourcesBuildPhase;
			buildActionMask = 2147483647;
			files = (
			);
			runOnlyForDeploymentPostprocessing = 0;
		};
/* End PBXResourcesBuildPhase section */

/* Begin PBXSourcesBuildPhase section */
		24FFF8F7207E510C00454FD2 /* Sources */ = {
			isa = PBXSourcesBuildPhase;
			buildActionMask = 2147483647;
			files = (
				24FFF903207E510C00454FD2 /* ViewController.m in Sources */,
				24FFF934207E535000454FD2 /* JNDBrain.m in Sources */,
				24FFF90E207E510C00454FD2 /* main.m in Sources */,
				24FFF900207E510C00454FD2 /* AppDelegate.m in Sources */,
			);
			runOnlyForDeploymentPostprocessing = 0;
		};
		24FFF90F207E510D00454FD2 /* Sources */ = {
			isa = PBXSourcesBuildPhase;
			buildActionMask = 2147483647;
			files = (
				24FFF931207E525400454FD2 /* BrainTests.m in Sources */,
			);
			runOnlyForDeploymentPostprocessing = 0;
		};
		24FFF91A207E510D00454FD2 /* Sources */ = {
			isa = PBXSourcesBuildPhase;
			buildActionMask = 2147483647;
			files = (
				24FFF923207E510D00454FD2 /* FizzBuzzUITests.m in Sources */,
			);
			runOnlyForDeploymentPostprocessing = 0;
		};
/* End PBXSourcesBuildPhase section */

/* Begin PBXTargetDependency section */
		24FFF915207E510D00454FD2 /* PBXTargetDependency */ = {
			isa = PBXTargetDependency;
			target = 24FFF8FA207E510C00454FD2 /* FizzBuzz */;
			targetProxy = 24FFF914207E510D00454FD2 /* PBXContainerItemProxy */;
		};
		24FFF920207E510D00454FD2 /* PBXTargetDependency */ = {
			isa = PBXTargetDependency;
			target = 24FFF8FA207E510C00454FD2 /* FizzBuzz */;
			targetProxy = 24FFF91F207E510D00454FD2 /* PBXContainerItemProxy */;
		};
/* End PBXTargetDependency section */

/* Begin PBXVariantGroup section */
		24FFF904207E510C00454FD2 /* Main.storyboard */ = {
			isa = PBXVariantGroup;
			children = (
				24FFF905207E510C00454FD2 /* Base */,
			);
			name = Main.storyboard;
			sourceTree = "<group>";
		};
		24FFF909207E510C00454FD2 /* LaunchScreen.storyboard */ = {
			isa = PBXVariantGroup;
			children = (
				24FFF90A207E510C00454FD2 /* Base */,
			);
			name = LaunchScreen.storyboard;
			sourceTree = "<group>";
		};
/* End PBXVariantGroup section */

/* Begin XCBuildConfiguration section */
		24FFF925207E510D00454FD2 /* Debug */ = {
			isa = XCBuildConfiguration;
			buildSettings = {
				ALWAYS_SEARCH_USER_PATHS = NO;
				CLANG_ANALYZER_NONNULL = YES;
				CLANG_ANALYZER_NUMBER_OBJECT_CONVERSION = YES_AGGRESSIVE;
				CLANG_CXX_LANGUAGE_STANDARD = "gnu++14";
				CLANG_CXX_LIBRARY = "libc++";
				CLANG_ENABLE_MODULES = YES;
				CLANG_ENABLE_OBJC_ARC = YES;
				CLANG_WARN_BLOCK_CAPTURE_AUTORELEASING = YES;
				CLANG_WARN_BOOL_CONVERSION = YES;
				CLANG_WARN_COMMA = YES;
				CLANG_WARN_CONSTANT_CONVERSION = YES;
				CLANG_WARN_DIRECT_OBJC_ISA_USAGE = YES_ERROR;
				CLANG_WARN_DOCUMENTATION_COMMENTS = YES;
				CLANG_WARN_EMPTY_BODY = YES;
				CLANG_WARN_ENUM_CONVERSION = YES;
				CLANG_WARN_INFINITE_RECURSION = YES;
				CLANG_WARN_INT_CONVERSION = YES;
				CLANG_WARN_NON_LITERAL_NULL_CONVERSION = YES;
				CLANG_WARN_OBJC_LITERAL_CONVERSION = YES;
				CLANG_WARN_OBJC_ROOT_CLASS = YES_ERROR;
				CLANG_WARN_RANGE_LOOP_ANALYSIS = YES;
				CLANG_WARN_STRICT_PROTOTYPES = YES;
				CLANG_WARN_SUSPICIOUS_MOVE = YES;
				CLANG_WARN_UNGUARDED_AVAILABILITY = YES_AGGRESSIVE;
				CLANG_WARN_UNREACHABLE_CODE = YES;
				CLANG_WARN__DUPLICATE_METHOD_MATCH = YES;
				CODE_SIGN_IDENTITY = "iPhone Developer";
				COPY_PHASE_STRIP = NO;
				DEBUG_INFORMATION_FORMAT = dwarf;
				ENABLE_STRICT_OBJC_MSGSEND = YES;
				ENABLE_TESTABILITY = YES;
				GCC_C_LANGUAGE_STANDARD = gnu11;
				GCC_DYNAMIC_NO_PIC = NO;
				GCC_NO_COMMON_BLOCKS = YES;
				GCC_OPTIMIZATION_LEVEL = 0;
				GCC_PREPROCESSOR_DEFINITIONS = (
					"DEBUG=1",
					"$(inherited)",
				);
				GCC_WARN_64_TO_32_BIT_CONVERSION = YES;
				GCC_WARN_ABOUT_RETURN_TYPE = YES_ERROR;
				GCC_WARN_UNDECLARED_SELECTOR = YES;
				GCC_WARN_UNINITIALIZED_AUTOS = YES_AGGRESSIVE;
				GCC_WARN_UNUSED_FUNCTION = YES;
				GCC_WARN_UNUSED_VARIABLE = YES;
				IPHONEOS_DEPLOYMENT_TARGET = 11.2;
				MTL_ENABLE_DEBUG_INFO = YES;
				ONLY_ACTIVE_ARCH = YES;
				SDKROOT = iphoneos;
			};
			name = Debug;
		};
		24FFF926207E510D00454FD2 /* Release */ = {
			isa = XCBuildConfiguration;
			buildSettings = {
				ALWAYS_SEARCH_USER_PATHS = NO;
				CLANG_ANALYZER_NONNULL = YES;
				CLANG_ANALYZER_NUMBER_OBJECT_CONVERSION = YES_AGGRESSIVE;
				CLANG_CXX_LANGUAGE_STANDARD = "gnu++14";
				CLANG_CXX_LIBRARY = "libc++";
				CLANG_ENABLE_MODULES = YES;
				CLANG_ENABLE_OBJC_ARC = YES;
				CLANG_WARN_BLOCK_CAPTURE_AUTORELEASING = YES;
				CLANG_WARN_BOOL_CONVERSION = YES;
				CLANG_WARN_COMMA = YES;
				CLANG_WARN_CONSTANT_CONVERSION = YES;
				CLANG_WARN_DIRECT_OBJC_ISA_USAGE = YES_ERROR;
				CLANG_WARN_DOCUMENTATION_COMMENTS = YES;
				CLANG_WARN_EMPTY_BODY = YES;
				CLANG_WARN_ENUM_CONVERSION = YES;
				CLANG_WARN_INFINITE_RECURSION = YES;
				CLANG_WARN_INT_CONVERSION = YES;
				CLANG_WARN_NON_LITERAL_NULL_CONVERSION = YES;
				CLANG_WARN_OBJC_LITERAL_CONVERSION = YES;
				CLANG_WARN_OBJC_ROOT_CLASS = YES_ERROR;
				CLANG_WARN_RANGE_LOOP_ANALYSIS = YES;
				CLANG_WARN_STRICT_PROTOTYPES = YES;
				CLANG_WARN_SUSPICIOUS_MOVE = YES;
				CLANG_WARN_UNGUARDED_AVAILABILITY = YES_AGGRESSIVE;
				CLANG_WARN_UNREACHABLE_CODE = YES;
				CLANG_WARN__DUPLICATE_METHOD_MATCH = YES;
				CODE_SIGN_IDENTITY = "iPhone Developer";
				COPY_PHASE_STRIP = NO;
				DEBUG_INFORMATION_FORMAT = "dwarf-with-dsym";
				ENABLE_NS_ASSERTIONS = NO;
				ENABLE_STRICT_OBJC_MSGSEND = YES;
				GCC_C_LANGUAGE_STANDARD = gnu11;
				GCC_NO_COMMON_BLOCKS = YES;
				GCC_WARN_64_TO_32_BIT_CONVERSION = YES;
				GCC_WARN_ABOUT_RETURN_TYPE = YES_ERROR;
				GCC_WARN_UNDECLARED_SELECTOR = YES;
				GCC_WARN_UNINITIALIZED_AUTOS = YES_AGGRESSIVE;
				GCC_WARN_UNUSED_FUNCTION = YES;
				GCC_WARN_UNUSED_VARIABLE = YES;
				IPHONEOS_DEPLOYMENT_TARGET = 11.2;
				MTL_ENABLE_DEBUG_INFO = NO;
				SDKROOT = iphoneos;
				VALIDATE_PRODUCT = YES;
			};
			name = Release;
		};
		24FFF928207E510D00454FD2 /* Debug */ = {
			isa = XCBuildConfiguration;
			buildSettings = {
				ASSETCATALOG_COMPILER_APPICON_NAME = AppIcon;
				CODE_SIGN_STYLE = Automatic;
				DEVELOPMENT_TEAM = LR23P93TMJ;
				INFOPLIST_FILE = FizzBuzz/Info.plist;
				IPHONEOS_DEPLOYMENT_TARGET = 10.0;
				LD_RUNPATH_SEARCH_PATHS = "$(inherited) @executable_path/Frameworks";
				PRODUCT_BUNDLE_IDENTIFIER = own.driesengard.FizzBuzz;
				PRODUCT_NAME = "$(TARGET_NAME)";
				TARGETED_DEVICE_FAMILY = "1,2";
			};
			name = Debug;
		};
		24FFF929207E510D00454FD2 /* Release */ = {
			isa = XCBuildConfiguration;
			buildSettings = {
				ASSETCATALOG_COMPILER_APPICON_NAME = AppIcon;
				CODE_SIGN_STYLE = Automatic;
				DEVELOPMENT_TEAM = LR23P93TMJ;
				INFOPLIST_FILE = FizzBuzz/Info.plist;
				IPHONEOS_DEPLOYMENT_TARGET = 10.0;
				LD_RUNPATH_SEARCH_PATHS = "$(inherited) @executable_path/Frameworks";
				PRODUCT_BUNDLE_IDENTIFIER = own.driesengard.FizzBuzz;
				PRODUCT_NAME = "$(TARGET_NAME)";
				TARGETED_DEVICE_FAMILY = "1,2";
			};
			name = Release;
		};
		24FFF92B207E510D00454FD2 /* Debug */ = {
			isa = XCBuildConfiguration;
			buildSettings = {
				BUNDLE_LOADER = "$(TEST_HOST)";
				CODE_SIGN_STYLE = Automatic;
				DEVELOPMENT_TEAM = LR23P93TMJ;
				INFOPLIST_FILE = FizzBuzzTests/Info.plist;
				LD_RUNPATH_SEARCH_PATHS = "$(inherited) @executable_path/Frameworks @loader_path/Frameworks";
				PRODUCT_BUNDLE_IDENTIFIER = own.driesengard.FizzBuzzTests;
				PRODUCT_NAME = "$(TARGET_NAME)";
				TARGETED_DEVICE_FAMILY = "1,2";
				TEST_HOST = "$(BUILT_PRODUCTS_DIR)/FizzBuzz.app/FizzBuzz";
			};
			name = Debug;
		};
		24FFF92C207E510D00454FD2 /* Release */ = {
			isa = XCBuildConfiguration;
			buildSettings = {
				BUNDLE_LOADER = "$(TEST_HOST)";
				CODE_SIGN_STYLE = Automatic;
				DEVELOPMENT_TEAM = LR23P93TMJ;
				INFOPLIST_FILE = FizzBuzzTests/Info.plist;
				LD_RUNPATH_SEARCH_PATHS = "$(inherited) @executable_path/Frameworks @loader_path/Frameworks";
				PRODUCT_BUNDLE_IDENTIFIER = own.driesengard.FizzBuzzTests;
				PRODUCT_NAME = "$(TARGET_NAME)";
				TARGETED_DEVICE_FAMILY = "1,2";
				TEST_HOST = "$(BUILT_PRODUCTS_DIR)/FizzBuzz.app/FizzBuzz";
			};
			name = Release;
		};
		24FFF92E207E510D00454FD2 /* Debug */ = {
			isa = XCBuildConfiguration;
			buildSettings = {
				CODE_SIGN_STYLE = Automatic;
				DEVELOPMENT_TEAM = LR23P93TMJ;
				INFOPLIST_FILE = FizzBuzzUITests/Info.plist;
				LD_RUNPATH_SEARCH_PATHS = "$(inherited) @executable_path/Frameworks @loader_path/Frameworks";
				PRODUCT_BUNDLE_IDENTIFIER = own.driesengard.FizzBuzzUITests;
				PRODUCT_NAME = "$(TARGET_NAME)";
				TARGETED_DEVICE_FAMILY = "1,2";
				TEST_TARGET_NAME = FizzBuzz;
			};
			name = Debug;
		};
		24FFF92F207E510D00454FD2 /* Release */ = {
			isa = XCBuildConfiguration;
			buildSettings = {
				CODE_SIGN_STYLE = Automatic;
				DEVELOPMENT_TEAM = LR23P93TMJ;
				INFOPLIST_FILE = FizzBuzzUITests/Info.plist;
				LD_RUNPATH_SEARCH_PATHS = "$(inherited) @executable_path/Frameworks @loader_path/Frameworks";
				PRODUCT_BUNDLE_IDENTIFIER = own.driesengard.FizzBuzzUITests;
				PRODUCT_NAME = "$(TARGET_NAME)";
				TARGETED_DEVICE_FAMILY = "1,2";
				TEST_TARGET_NAME = FizzBuzz;
			};
			name = Release;
		};
/* End XCBuildConfiguration section */

/* Begin XCConfigurationList section */
		24FFF8F6207E510C00454FD2 /* Build configuration list for PBXProject "FizzBuzz" */ = {
			isa = XCConfigurationList;
			buildConfigurations = (
				24FFF925207E510D00454FD2 /* Debug */,
				24FFF926207E510D00454FD2 /* Release */,
			);
			defaultConfigurationIsVisible = 0;
			defaultConfigurationName = Release;
		};
		24FFF927207E510D00454FD2 /* Build configuration list for PBXNativeTarget "FizzBuzz" */ = {
			isa = XCConfigurationList;
			buildConfigurations = (
				24FFF928207E510D00454FD2 /* Debug */,
				24FFF929207E510D00454FD2 /* Release */,
			);
			defaultConfigurationIsVisible = 0;
			defaultConfigurationName = Release;
		};
		24FFF92A207E510D00454FD2 /* Build configuration list for PBXNativeTarget "FizzBuzzTests" */ = {
			isa = XCConfigurationList;
			buildConfigurations = (
				24FFF92B207E510D00454FD2 /* Debug */,
				24FFF92C207E510D00454FD2 /* Release */,
			);
			defaultConfigurationIsVisible = 0;
			defaultConfigurationName = Release;
		};
		24FFF92D207E510D00454FD2 /* Build configuration list for PBXNativeTarget "FizzBuzzUITests" */ = {
			isa = XCConfigurationList;
			buildConfigurations = (
				24FFF92E207E510D00454FD2 /* Debug */,
				24FFF92F207E510D00454FD2 /* Release */,
			);
			defaultConfigurationIsVisible = 0;
			defaultConfigurationName = Release;
		};
/* End XCConfigurationList section */
	};
	rootObject = 24FFF8F3207E510C00454FD2 /* Project object */;
}
